<?xml version="1.0" encoding="utf-8"?>
<Project ToolsVersion="4.0" xmlns="http://schemas.microsoft.com/developer/msbuild/2003">
  <ItemGroup>
    <Filter Include="소스 파일">
      <UniqueIdentifier>{4FC737F1-C7A5-4376-A066-2A32D752A2FF}</UniqueIdentifier>
      <Extensions>cpp;c;cc;cxx;def;odl;idl;hpj;bat;asm;asmx</Extensions>
    </Filter>
    <Filter Include="헤더 파일">
      <UniqueIdentifier>{93995380-89BD-4b04-88EB-625FBE52EBFB}</UniqueIdentifier>
      <Extensions>h;hpp;hxx;hm;inl;inc;xsd</Extensions>
    </Filter>
    <Filter Include="리소스 파일">
      <UniqueIdentifier>{67DA6AB6-F800-4c08-8B7A-83BB121AAD01}</UniqueIdentifier>
      <Extensions>rc;ico;cur;bmp;dlg;rc2;rct;bin;rgs;gif;jpg;jpeg;jpe;resx;tiff;tif;png;wav;mfcribbon-ms</Extensions>
    </Filter>
  </ItemGroup>
  <ItemGroup>
    <None Include="ReadMe.txt" />
    <None Include="res\logo.bmp">
      <Filter>리소스 파일</Filter>
    </None>
    <None Include="res\ico00001.ico">
      <Filter>리소스 파일</Filter>
    </None>
    <None Include="res\ico00002.ico">
      <Filter>리소스 파일</Filter>
    </None>
    <None Include="res\KsooPixelDraw.ico">
      <Filter>리소스 파일</Filter>
    </None>
    <None Include="res\KsooPixelDraw.rc2">
      <Filter>리소스 파일</Filter>
    </None>
    <None Include="res\KsooPixelDrawDoc.ico">
      <Filter>리소스 파일</Filter>
    </None>
  </ItemGroup>
  <ItemGroup>
    <ClInclude Include="stdafx.h">
      <Filter>헤더 파일</Filter>
    </ClInclude>
    <ClInclude Include="targetver.h">
      <Filter>헤더 파일</Filter>
    </ClInclude>
    <ClInclude Include="MainFrm.h">
      <Filter>헤더 파일</Filter>
    </ClInclude>
    <ClInclude Include="Resource.h">
      <Filter>헤더 파일</Filter>
    </ClInclude>
    <ClInclude Include="BasicSet.h">
      <Filter>헤더 파일</Filter>
    </ClInclude>
    <ClInclude Include="DrawMeasure.h">
      <Filter>헤더 파일</Filter>
    </ClInclude>
    <ClInclude Include="DrawCell.h">
      <Filter>헤더 파일</Filter>
    </ClInclude>
    <ClInclude Include="DrawFreeLine.h">
      <Filter>헤더 파일</Filter>
    </ClInclude>
    <ClInclude Include="DrawGrid.h">
      <Filter>헤더 파일</Filter>
    </ClInclude>
    <ClInclude Include="Singleton.h">
      <Filter>헤더 파일</Filter>
    </ClInclude>
    <ClInclude Include="WorkView.h">
      <Filter>헤더 파일</Filter>
    </ClInclude>
    <ClInclude Include="WorkWnd.h">
      <Filter>헤더 파일</Filter>
    </ClInclude>
    <ClInclude Include="PreviewWnd.h">
      <Filter>헤더 파일</Filter>
    </ClInclude>
    <ClInclude Include="StatusWnd.h">
      <Filter>헤더 파일</Filter>
    </ClInclude>
    <ClInclude Include="PixelFileOpen.h">
      <Filter>헤더 파일</Filter>
    </ClInclude>
    <ClInclude Include="PixelFileSave.h">
      <Filter>헤더 파일</Filter>
    </ClInclude>
    <ClInclude Include="GearDraw.h">
      <Filter>헤더 파일</Filter>
    </ClInclude>
    <ClInclude Include="ImageBinary.h">
      <Filter>헤더 파일</Filter>
    </ClInclude>
    <ClInclude Include="TextImage.h">
      <Filter>헤더 파일</Filter>
    </ClInclude>
    <ClInclude Include="ImageFileOpen.h">
      <Filter>헤더 파일</Filter>
    </ClInclude>
    <ClInclude Include="PathGenerate.h">
      <Filter>헤더 파일</Filter>
    </ClInclude>
    <ClInclude Include="ShapeDraw.h">
      <Filter>헤더 파일</Filter>
    </ClInclude>
    <ClInclude Include="KsooPixelDraw.h">
      <Filter>헤더 파일</Filter>
    </ClInclude>
    <ClInclude Include="KsooPixelDrawDoc.h">
      <Filter>헤더 파일</Filter>
    </ClInclude>
    <ClInclude Include="KsooPixelDrawView.h">
      <Filter>헤더 파일</Filter>
    </ClInclude>
  </ItemGroup>
  <ItemGroup>
    <ClCompile Include="stdafx.cpp">
      <Filter>소스 파일</Filter>
    </ClCompile>
    <ClCompile Include="MainFrm.cpp">
      <Filter>소스 파일</Filter>
    </ClCompile>
    <ClCompile Include="DrawMeasure.cpp">
      <Filter>소스 파일</Filter>
    </ClCompile>
    <ClCompile Include="DrawCell.cpp">
      <Filter>소스 파일</Filter>
    </ClCompile>
    <ClCompile Include="DrawFreeLine.cpp">
      <Filter>소스 파일</Filter>
    </ClCompile>
    <ClCompile Include="DrawGrid.cpp">
      <Filter>소스 파일</Filter>
    </ClCompile>
    <ClCompile Include="Singleton.cpp">
      <Filter>소스 파일</Filter>
    </ClCompile>
    <ClCompile Include="WorkView.cpp">
      <Filter>소스 파일</Filter>
    </ClCompile>
    <ClCompile Include="WorkWnd.cpp">
      <Filter>소스 파일</Filter>
    </ClCompile>
    <ClCompile Include="PreviewWnd.cpp">
      <Filter>소스 파일</Filter>
    </ClCompile>
    <ClCompile Include="StatusWnd.cpp">
      <Filter>소스 파일</Filter>
    </ClCompile>
    <ClCompile Include="PixelFileOpen.cpp">
      <Filter>소스 파일</Filter>
    </ClCompile>
    <ClCompile Include="PixelFileSave.cpp">
      <Filter>소스 파일</Filter>
    </ClCompile>
    <ClCompile Include="GearDraw.cpp">
      <Filter>소스 파일</Filter>
    </ClCompile>
    <ClCompile Include="ImageBinary.cpp">
      <Filter>소스 파일</Filter>
    </ClCompile>
    <ClCompile Include="TextImage.cpp">
      <Filter>소스 파일</Filter>
    </ClCompile>
    <ClCompile Include="ImageFileOpen.cpp">
      <Filter>소스 파일</Filter>
    </ClCompile>
    <ClCompile Include="PathGenerate.cpp">
      <Filter>소스 파일</Filter>
    </ClCompile>
    <ClCompile Include="ShapeDraw.cpp">
      <Filter>소스 파일</Filter>
    </ClCompile>
    <ClCompile Include="KsooPixelDraw.cpp">
      <Filter>소스 파일</Filter>
    </ClCompile>
    <ClCompile Include="KsooPixelDrawDoc.cpp">
      <Filter>소스 파일</Filter>
    </ClCompile>
    <ClCompile Include="KsooPixelDrawView.cpp">
      <Filter>소스 파일</Filter>
    </ClCompile>
  </ItemGroup>
  <ItemGroup>
    <ResourceCompile Include="KsooPixelDraw.rc">
      <Filter>리소스 파일</Filter>
    </ResourceCompile>
  </ItemGroup>
</Project>